
Microsoft Visual Studio Solution File, Format Version 12.00
Project("{FAE04EC0-301F-11D3-BF4B-00C04F79EFBC}") = "IS_413_Final", "IS_413_Final.csproj", "{9BB40965-D400-4613-A8CC-91FDEA3B659C}"
EndProject
Global
	GlobalSection(SolutionConfigurationPlatforms) = preSolution
		Debug|Any CPU = Debug|Any CPU
		Release|Any CPU = Release|Any CPU
	EndGlobalSection
	GlobalSection(ProjectConfigurationPlatforms) = postSolution
		{9BB40965-D400-4613-A8CC-91FDEA3B659C}.Debug|Any CPU.ActiveCfg = Debug|Any CPU
		{9BB40965-D400-4613-A8CC-91FDEA3B659C}.Debug|Any CPU.Build.0 = Debug|Any CPU
		{9BB40965-D400-4613-A8CC-91FDEA3B659C}.Release|Any CPU.ActiveCfg = Release|Any CPU
		{9BB40965-D400-4613-A8CC-91FDEA3B659C}.Release|Any CPU.Build.0 = Release|Any CPU
	EndGlobalSection
EndGlobal
